// !$*UTF8*$!
{
	archiveVersion = 1;
	classes = {
	};
	objectVersion = 46;
	objects = {

/* Begin PBXBuildFile section */
		01AF08901A4F76BE00E4E857 /* movie_quote.mp3 in Resources */ = {isa = PBXBuildFile; fileRef = 01AF088F1A4F76BE00E4E857 /* movie_quote.mp3 */; };
		01AF08921A51FE6E00E4E857 /* RecordedAudio.swift in Sources */ = {isa = PBXBuildFile; fileRef = 01AF08911A51FE6E00E4E857 /* RecordedAudio.swift */; };
		01C6DCBE1A36C0C400FF3E7E /* AppDelegate.swift in Sources */ = {isa = PBXBuildFile; fileRef = 01C6DCBD1A36C0C400FF3E7E /* AppDelegate.swift */; };
		01C6DCC01A36C0C400FF3E7E /* RecordSoundsViewController.swift in Sources */ = {isa = PBXBuildFile; fileRef = 01C6DCBF1A36C0C400FF3E7E /* RecordSoundsViewController.swift */; };
		01C6DCC31A36C0C400FF3E7E /* Main.storyboard in Resources */ = {isa = PBXBuildFile; fileRef = 01C6DCC11A36C0C400FF3E7E /* Main.storyboard */; };
		01C6DCC51A36C0C400FF3E7E /* Images.xcassets in Resources */ = {isa = PBXBuildFile; fileRef = 01C6DCC41A36C0C400FF3E7E /* Images.xcassets */; };
		01C6DCC81A36C0C400FF3E7E /* LaunchScreen.xib in Resources */ = {isa = PBXBuildFile; fileRef = 01C6DCC61A36C0C400FF3E7E /* LaunchScreen.xib */; };
		01C6DCD41A36C0C400FF3E7E /* pitch_perfectTests.swift in Sources */ = {isa = PBXBuildFile; fileRef = 01C6DCD31A36C0C400FF3E7E /* pitch_perfectTests.swift */; };
		01C6DCE01A3BA27E00FF3E7E /* PlaySoundsViewController.swift in Sources */ = {isa = PBXBuildFile; fileRef = 01C6DCDF1A3BA27E00FF3E7E /* PlaySoundsViewController.swift */; };
/* End PBXBuildFile section */

/* Begin PBXContainerItemProxy section */
		01C6DCCE1A36C0C400FF3E7E /* PBXContainerItemProxy */ = {
			isa = PBXContainerItemProxy;
			containerPortal = 01C6DCB01A36C0C400FF3E7E /* Project object */;
			proxyType = 1;
			remoteGlobalIDString = 01C6DCB71A36C0C400FF3E7E;
			remoteInfo = "pitch perfect";
		};
/* End PBXContainerItemProxy section */

/* Begin PBXFileReference section */
		01AF088F1A4F76BE00E4E857 /* movie_quote.mp3 */ = {isa = PBXFileReference; lastKnownFileType = audio.mp3; path = movie_quote.mp3; sourceTree = "<group>"; };
		01AF08911A51FE6E00E4E857 /* RecordedAudio.swift */ = {isa = PBXFileReference; fileEncoding = 4; lastKnownFileType = sourcecode.swift; path = RecordedAudio.swift; sourceTree = "<group>"; };
		01C6DCB81A36C0C400FF3E7E /* pitch perfect.app */ = {isa = PBXFileReference; explicitFileType = wrapper.application; includeInIndex = 0; path = "pitch perfect.app"; sourceTree = BUILT_PRODUCTS_DIR; };
		01C6DCBC1A36C0C400FF3E7E /* Info.plist */ = {isa = PBXFileReference; lastKnownFileType = text.plist.xml; path = Info.plist; sourceTree = "<group>"; };
		01C6DCBD1A36C0C400FF3E7E /* AppDelegate.swift */ = {isa = PBXFileReference; lastKnownFileType = sourcecode.swift; path = AppDelegate.swift; sourceTree = "<group>"; };
		01C6DCBF1A36C0C400FF3E7E /* RecordSoundsViewController.swift */ = {isa = PBXFileReference; lastKnownFileType = sourcecode.swift; path = RecordSoundsViewController.swift; sourceTree = "<group>"; };
		01C6DCC21A36C0C400FF3E7E /* Base */ = {isa = PBXFileReference; lastKnownFileType = file.storyboard; name = Base; path = Base.lproj/Main.storyboard; sourceTree = "<group>"; };
		01C6DCC41A36C0C400FF3E7E /* Images.xcassets */ = {isa = PBXFileReference; lastKnownFileType = folder.assetcatalog; path = Images.xcassets; sourceTree = "<group>"; };
		01C6DCC71A36C0C400FF3E7E /* Base */ = {isa = PBXFileReference; lastKnownFileType = file.xib; name = Base; path = Base.lproj/LaunchScreen.xib; sourceTree = "<group>"; };
		01C6DCCD1A36C0C400FF3E7E /* pitch perfectTests.xctest */ = {isa = PBXFileReference; explicitFileType = wrapper.cfbundle; includeInIndex = 0; path = "pitch perfectTests.xctest"; sourceTree = BUILT_PRODUCTS_DIR; };
		01C6DCD21A36C0C400FF3E7E /* Info.plist */ = {isa = PBXFileReference; lastKnownFileType = text.plist.xml; path = Info.plist; sourceTree = "<group>"; };
		01C6DCD31A36C0C400FF3E7E /* pitch_perfectTests.swift */ = {isa = PBXFileReference; lastKnownFileType = sourcecode.swift; path = pitch_perfectTests.swift; sourceTree = "<group>"; };
		01C6DCDF1A3BA27E00FF3E7E /* PlaySoundsViewController.swift */ = {isa = PBXFileReference; fileEncoding = 4; lastKnownFileType = sourcecode.swift; name = PlaySoundsViewController.swift; path = ../PlaySoundsViewController.swift; sourceTree = "<group>"; };
/* End PBXFileReference section */

/* Begin PBXFrameworksBuildPhase section */
		01C6DCB51A36C0C400FF3E7E /* Frameworks */ = {
			isa = PBXFrameworksBuildPhase;
			buildActionMask = 2147483647;
			files = (
			);
			runOnlyForDeploymentPostprocessing = 0;
		};
		01C6DCCA1A36C0C400FF3E7E /* Frameworks */ = {
			isa = PBXFrameworksBuildPhase;
			buildActionMask = 2147483647;
			files = (
			);
			runOnlyForDeploymentPostprocessing = 0;
		};
/* End PBXFrameworksBuildPhase section */

/* Begin PBXGroup section */
		01C6DCAF1A36C0C400FF3E7E = {
			isa = PBXGroup;
			children = (
				01C6DCBA1A36C0C400FF3E7E /* pitch perfect */,
				01C6DCD01A36C0C400FF3E7E /* pitch perfectTests */,
				01C6DCB91A36C0C400FF3E7E /* Products */,
			);
			sourceTree = "<group>";
		};
		01C6DCB91A36C0C400FF3E7E /* Products */ = {
			isa = PBXGroup;
			children = (
				01C6DCB81A36C0C400FF3E7E /* pitch perfect.app */,
				01C6DCCD1A36C0C400FF3E7E /* pitch perfectTests.xctest */,
			);
			name = Products;
			sourceTree = "<group>";
		};
		01C6DCBA1A36C0C400FF3E7E /* pitch perfect */ = {
			isa = PBXGroup;
			children = (
				01C6DCBD1A36C0C400FF3E7E /* AppDelegate.swift */,
				01C6DCDF1A3BA27E00FF3E7E /* PlaySoundsViewController.swift */,
				01C6DCBF1A36C0C400FF3E7E /* RecordSoundsViewController.swift */,
				01AF08911A51FE6E00E4E857 /* RecordedAudio.swift */,
				01C6DCC11A36C0C400FF3E7E /* Main.storyboard */,
				01C6DCC41A36C0C400FF3E7E /* Images.xcassets */,
				01C6DCC61A36C0C400FF3E7E /* LaunchScreen.xib */,
				01C6DCBB1A36C0C400FF3E7E /* Supporting Files */,
			);
			path = "pitch perfect";
			sourceTree = "<group>";
		};
		01C6DCBB1A36C0C400FF3E7E /* Supporting Files */ = {
			isa = PBXGroup;
			children = (
				01AF088F1A4F76BE00E4E857 /* movie_quote.mp3 */,
				01C6DCBC1A36C0C400FF3E7E /* Info.plist */,
			);
			name = "Supporting Files";
			sourceTree = "<group>";
		};
		01C6DCD01A36C0C400FF3E7E /* pitch perfectTests */ = {
			isa = PBXGroup;
			children = (
				01C6DCD31A36C0C400FF3E7E /* pitch_perfectTests.swift */,
				01C6DCD11A36C0C400FF3E7E /* Supporting Files */,
			);
			path = "pitch perfectTests";
			sourceTree = "<group>";
		};
		01C6DCD11A36C0C400FF3E7E /* Supporting Files */ = {
			isa = PBXGroup;
			children = (
				01C6DCD21A36C0C400FF3E7E /* Info.plist */,
			);
			name = "Supporting Files";
			sourceTree = "<group>";
		};
/* End PBXGroup section */

/* Begin PBXNativeTarget section */
		01C6DCB71A36C0C400FF3E7E /* pitch perfect */ = {
			isa = PBXNativeTarget;
			buildConfigurationList = 01C6DCD71A36C0C400FF3E7E /* Build configuration list for PBXNativeTarget "pitch perfect" */;
			buildPhases = (
				01C6DCB41A36C0C400FF3E7E /* Sources */,
				01C6DCB51A36C0C400FF3E7E /* Frameworks */,
				01C6DCB61A36C0C400FF3E7E /* Resources */,
			);
			buildRules = (
			);
			dependencies = (
			);
			name = "pitch perfect";
			productName = "pitch perfect";
			productReference = 01C6DCB81A36C0C400FF3E7E /* pitch perfect.app */;
			productType = "com.apple.product-type.application";
		};
		01C6DCCC1A36C0C400FF3E7E /* pitch perfectTests */ = {
			isa = PBXNativeTarget;
			buildConfigurationList = 01C6DCDA1A36C0C400FF3E7E /* Build configuration list for PBXNativeTarget "pitch perfectTests" */;
			buildPhases = (
				01C6DCC91A36C0C400FF3E7E /* Sources */,
				01C6DCCA1A36C0C400FF3E7E /* Frameworks */,
				01C6DCCB1A36C0C400FF3E7E /* Resources */,
			);
			buildRules = (
			);
			dependencies = (
				01C6DCCF1A36C0C400FF3E7E /* PBXTargetDependency */,
			);
			name = "pitch perfectTests";
			productName = "pitch perfectTests";
			productReference = 01C6DCCD1A36C0C400FF3E7E /* pitch perfectTests.xctest */;
			productType = "com.apple.product-type.bundle.unit-test";
		};
/* End PBXNativeTarget section */

/* Begin PBXProject section */
		01C6DCB01A36C0C400FF3E7E /* Project object */ = {
			isa = PBXProject;
			attributes = {
				LastUpgradeCheck = 0610;
				ORGANIZATIONNAME = "Ксения Белан";
				TargetAttributes = {
					01C6DCB71A36C0C400FF3E7E = {
						CreatedOnToolsVersion = 6.1.1;
					};
					01C6DCCC1A36C0C400FF3E7E = {
						CreatedOnToolsVersion = 6.1.1;
						TestTargetID = 01C6DCB71A36C0C400FF3E7E;
					};
				};
			};
			buildConfigurationList = 01C6DCB31A36C0C400FF3E7E /* Build configuration list for PBXProject "pitch perfect" */;
			compatibilityVersion = "Xcode 3.2";
			developmentRegion = English;
			hasScannedForEncodings = 0;
			knownRegions = (
				en,
				Base,
			);
			mainGroup = 01C6DCAF1A36C0C400FF3E7E;
			productRefGroup = 01C6DCB91A36C0C400FF3E7E /* Products */;
			projectDirPath = "";
			projectRoot = "";
			targets = (
				01C6DCB71A36C0C400FF3E7E /* pitch perfect */,
				01C6DCCC1A36C0C400FF3E7E /* pitch perfectTests */,
			);
		};
/* End PBXProject section */

/* Begin PBXResourcesBuildPhase section */
		01C6DCB61A36C0C400FF3E7E /* Resources */ = {
			isa = PBXResourcesBuildPhase;
			buildActionMask = 2147483647;
			files = (
				01C6DCC31A36C0C400FF3E7E /* Main.storyboard in Resources */,
				01C6DCC81A36C0C400FF3E7E /* LaunchScreen.xib in Resources */,
				01AF08901A4F76BE00E4E857 /* movie_quote.mp3 in Resources */,
				01C6DCC51A36C0C400FF3E7E /* Images.xcassets in Resources */,
			);
			runOnlyForDeploymentPostprocessing = 0;
		};
		01C6DCCB1A36C0C400FF3E7E /* Resources */ = {
			isa = PBXResourcesBuildPhase;
			buildActionMask = 2147483647;
			files = (
			);
			runOnlyForDeploymentPostprocessing = 0;
		};
/* End PBXResourcesBuildPhase section */

/* Begin PBXSourcesBuildPhase section */
		01C6DCB41A36C0C400FF3E7E /* Sources */ = {
			isa = PBXSourcesBuildPhase;
			buildActionMask = 2147483647;
			files = (
				01AF08921A51FE6E00E4E857 /* RecordedAudio.swift in Sources */,
				01C6DCC01A36C0C400FF3E7E /* RecordSoundsViewController.swift in Sources */,
				01C6DCE01A3BA27E00FF3E7E /* PlaySoundsViewController.swift in Sources */,
				01C6DCBE1A36C0C400FF3E7E /* AppDelegate.swift in Sources */,
			);
			runOnlyForDeploymentPostprocessing = 0;
		};
		01C6DCC91A36C0C400FF3E7E /* Sources */ = {
			isa = PBXSourcesBuildPhase;
			buildActionMask = 2147483647;
			files = (
				01C6DCD41A36C0C400FF3E7E /* pitch_perfectTests.swift in Sources */,
			);
			runOnlyForDeploymentPostprocessing = 0;
		};
/* End PBXSourcesBuildPhase section */

/* Begin PBXTargetDependency section */
		01C6DCCF1A36C0C400FF3E7E /* PBXTargetDependency */ = {
			isa = PBXTargetDependency;
			target = 01C6DCB71A36C0C400FF3E7E /* pitch perfect */;
			targetProxy = 01C6DCCE1A36C0C400FF3E7E /* PBXContainerItemProxy */;
		};
/* End PBXTargetDependency section */

/* Begin PBXVariantGroup section */
		01C6DCC11A36C0C400FF3E7E /* Main.storyboard */ = {
			isa = PBXVariantGroup;
			children = (
				01C6DCC21A36C0C400FF3E7E /* Base */,
			);
			name = Main.storyboard;
			sourceTree = "<group>";
		};
		01C6DCC61A36C0C400FF3E7E /* LaunchScreen.xib */ = {
			isa = PBXVariantGroup;
			children = (
				01C6DCC71A36C0C400FF3E7E /* Base */,
			);
			name = LaunchScreen.xib;
			sourceTree = "<group>";
		};
/* End PBXVariantGroup section */

/* Begin XCBuildConfiguration section */
		01C6DCD51A36C0C400FF3E7E /* Debug */ = {
			isa = XCBuildConfiguration;
			buildSettings = {
				ALWAYS_SEARCH_USER_PATHS = NO;
				CLANG_CXX_LANGUAGE_STANDARD = "gnu++0x";
				CLANG_CXX_LIBRARY = "libc++";
				CLANG_ENABLE_MODULES = YES;
				CLANG_ENABLE_OBJC_ARC = YES;
				CLANG_WARN_BOOL_CONVERSION = YES;
				CLANG_WARN_CONSTANT_CONVERSION = YES;
				CLANG_WARN_DIRECT_OBJC_ISA_USAGE = YES_ERROR;
				CLANG_WARN_EMPTY_BODY = YES;
				CLANG_WARN_ENUM_CONVERSION = YES;
				CLANG_WARN_INT_CONVERSION = YES;
				CLANG_WARN_OBJC_ROOT_CLASS = YES_ERROR;
				CLANG_WARN_UNREACHABLE_CODE = YES;
				CLANG_WARN__DUPLICATE_METHOD_MATCH = YES;
				"CODE_SIGN_IDENTITY[sdk=iphoneos*]" = "iPhone Developer";
				COPY_PHASE_STRIP = NO;
				ENABLE_STRICT_OBJC_MSGSEND = YES;
				GCC_C_LANGUAGE_STANDARD = gnu99;
				GCC_DYNAMIC_NO_PIC = NO;
				GCC_OPTIMIZATION_LEVEL = 0;
				GCC_PREPROCESSOR_DEFINITIONS = (
					"DEBUG=1",
					"$(inherited)",
				);
				GCC_SYMBOLS_PRIVATE_EXTERN = NO;
				GCC_WARN_64_TO_32_BIT_CONVERSION = YES;
				GCC_WARN_ABOUT_RETURN_TYPE = YES_ERROR;
				GCC_WARN_UNDECLARED_SELECTOR = YES;
				GCC_WARN_UNINITIALIZED_AUTOS = YES_AGGRESSIVE;
				GCC_WARN_UNUSED_FUNCTION = YES;
				GCC_WARN_UNUSED_VARIABLE = YES;
				IPHONEOS_DEPLOYMENT_TARGET = 8.1;
				MTL_ENABLE_DEBUG_INFO = YES;
				ONLY_ACTIVE_ARCH = YES;
				SDKROOT = iphoneos;
				SWIFT_OPTIMIZATION_LEVEL = "-Onone";
			};
			name = Debug;
		};
		01C6DCD61A36C0C400FF3E7E /* Release */ = {
			isa = XCBuildConfiguration;
			buildSettings = {
				ALWAYS_SEARCH_USER_PATHS = NO;
				CLANG_CXX_LANGUAGE_STANDARD = "gnu++0x";
				CLANG_CXX_LIBRARY = "libc++";
				CLANG_ENABLE_MODULES = YES;
				CLANG_ENABLE_OBJC_ARC = YES;
				CLANG_WARN_BOOL_CONVERSION = YES;
				CLANG_WARN_CONSTANT_CONVERSION = YES;
				CLANG_WARN_DIRECT_OBJC_ISA_USAGE = YES_ERROR;
				CLANG_WARN_EMPTY_BODY = YES;
				CLANG_WARN_ENUM_CONVERSION = YES;
				CLANG_WARN_INT_CONVERSION = YES;
				CLANG_WARN_OBJC_ROOT_CLASS = YES_ERROR;
				CLANG_WARN_UNREACHABLE_CODE = YES;
				CLANG_WARN__DUPLICATE_METHOD_MATCH = YES;
				"CODE_SIGN_IDENTITY[sdk=iphoneos*]" = "iPhone Developer";
				COPY_PHASE_STRIP = YES;
				ENABLE_NS_ASSERTIONS = NO;
				ENABLE_STRICT_OBJC_MSGSEND = YES;
				GCC_C_LANGUAGE_STANDARD = gnu99;
				GCC_WARN_64_TO_32_BIT_CONVERSION = YES;
				GCC_WARN_ABOUT_RETURN_TYPE = YES_ERROR;
				GCC_WARN_UNDECLARED_SELECTOR = YES;
				GCC_WARN_UNINITIALIZED_AUTOS = YES_AGGRESSIVE;
				GCC_WARN_UNUSED_FUNCTION = YES;
				GCC_WARN_UNUSED_VARIABLE = YES;
				IPHONEOS_DEPLOYMENT_TARGET = 8.1;
				MTL_ENABLE_DEBUG_INFO = NO;
				SDKROOT = iphoneos;
				VALIDATE_PRODUCT = YES;
			};
			name = Release;
		};
		01C6DCD81A36C0C400FF3E7E /* Debug */ = {
			isa = XCBuildConfiguration;
			buildSettings = {
				ASSETCATALOG_COMPILER_APPICON_NAME = AppIcon;
				INFOPLIST_FILE = "pitch perfect/Info.plist";
				LD_RUNPATH_SEARCH_PATHS = "$(inherited) @executable_path/Frameworks";
				PRODUCT_NAME = "$(TARGET_NAME)";
			};
			name = Debug;
		};
		01C6DCD91A36C0C400FF3E7E /* Release */ = {
			isa = XCBuildConfiguration;
			buildSettings = {
				ASSETCATALOG_COMPILER_APPICON_NAME = AppIcon;
				INFOPLIST_FILE = "pitch perfect/Info.plist";
				LD_RUNPATH_SEARCH_PATHS = "$(inherited) @executable_path/Frameworks";
				PRODUCT_NAME = "$(TARGET_NAME)";
			};
			name = Release;
		};
		01C6DCDB1A36C0C400FF3E7E /* Debug */ = {
			isa = XCBuildConfiguration;
			buildSettings = {
				BUNDLE_LOADER = "$(TEST_HOST)";
				FRAMEWORK_SEARCH_PATHS = (
					"$(SDKROOT)/Developer/Library/Frameworks",
					"$(inherited)",
				);
				GCC_PREPROCESSOR_DEFINITIONS = (
					"DEBUG=1",
					"$(inherited)",
				);
				INFOPLIST_FILE = "pitch perfectTests/Info.plist";
				LD_RUNPATH_SEARCH_PATHS = "$(inherited) @executable_path/Frameworks @loader_path/Frameworks";
				PRODUCT_NAME = "$(TARGET_NAME)";
				TEST_HOST = "$(BUILT_PRODUCTS_DIR)/pitch perfect.app/pitch perfect";
			};
			name = Debug;
		};
		01C6DCDC1A36C0C400FF3E7E /* Release */ = {
			isa = XCBuildConfiguration;
			buildSettings = {
				BUNDLE_LOADER = "$(TEST_HOST)";
				FRAMEWORK_SEARCH_PATHS = (
					"$(SDKROOT)/Developer/Library/Frameworks",
					"$(inherited)",
				);
				INFOPLIST_FILE = "pitch perfectTests/Info.plist";
				LD_RUNPATH_SEARCH_PATHS = "$(inherited) @executable_path/Frameworks @loader_path/Frameworks";
				PRODUCT_NAME = "$(TARGET_NAME)";
				TEST_HOST = "$(BUILT_PRODUCTS_DIR)/pitch perfect.app/pitch perfect";
			};
			name = Release;
		};
/* End XCBuildConfiguration section */

/* Begin XCConfigurationList section */
		01C6DCB31A36C0C400FF3E7E /* Build configuration list for PBXProject "pitch perfect" */ = {
			isa = XCConfigurationList;
			buildConfigurations = (
				01C6DCD51A36C0C400FF3E7E /* Debug */,
				01C6DCD61A36C0C400FF3E7E /* Release */,
			);
			defaultConfigurationIsVisible = 0;
			defaultConfigurationName = Release;
		};
		01C6DCD71A36C0C400FF3E7E /* Build configuration list for PBXNativeTarget "pitch perfect" */ = {
			isa = XCConfigurationList;
			buildConfigurations = (
				01C6DCD81A36C0C400FF3E7E /* Debug */,
				01C6DCD91A36C0C400FF3E7E /* Release */,
			);
			defaultConfigurationIsVisible = 0;
			defaultConfigurationName = Release;
		};
		01C6DCDA1A36C0C400FF3E7E /* Build configuration list for PBXNativeTarget "pitch perfectTests" */ = {
			isa = XCConfigurationList;
			buildConfigurations = (
				01C6DCDB1A36C0C400FF3E7E /* Debug */,
				01C6DCDC1A36C0C400FF3E7E /* Release */,
			);
			defaultConfigurationIsVisible = 0;
			defaultConfigurationName = Release;
		};
/* End XCConfigurationList section */
	};
	rootObject = 01C6DCB01A36C0C400FF3E7E /* Project object */;
}
